// !$*UTF8*$!
{
	archiveVersion = 1;
	classes = {
	};
	objectVersion = 55;
	objects = {

/* Begin PBXBuildFile section */
		3FD9FC416B08EBB1E3E81006 /* Pods_WebmotorsChallenge.framework in Frameworks */ = {isa = PBXBuildFile; fileRef = 87E6E8EC3794B0E0B98056AC /* Pods_WebmotorsChallenge.framework */; };
		7321E275C8B157D0F2CBAC31 /* Pods_WebmotorsChallengeTests.framework in Frameworks */ = {isa = PBXBuildFile; fileRef = 6430A753CA154270BEA83C7C /* Pods_WebmotorsChallengeTests.framework */; };
		B8305A2D83185A2AC0D2A7A7 /* Pods_WebmotorsChallenge_WebmotorsChallengeUITests.framework in Frameworks */ = {isa = PBXBuildFile; fileRef = A3EA42A6D0518CA26AC8ED75 /* Pods_WebmotorsChallenge_WebmotorsChallengeUITests.framework */; };
		D2427CAC27A46729001FD697 /* AppDelegate.swift in Sources */ = {isa = PBXBuildFile; fileRef = D2427CAB27A46729001FD697 /* AppDelegate.swift */; };
		D2427CB827A4672B001FD697 /* LaunchScreen.storyboard in Resources */ = {isa = PBXBuildFile; fileRef = D2427CB627A4672B001FD697 /* LaunchScreen.storyboard */; };
		D2427CCD27A4672B001FD697 /* WebmotorsChallengeUITests.swift in Sources */ = {isa = PBXBuildFile; fileRef = D2427CCC27A4672B001FD697 /* WebmotorsChallengeUITests.swift */; };
		D2427CCF27A4672B001FD697 /* WebmotorsChallengeUITestsLaunchTests.swift in Sources */ = {isa = PBXBuildFile; fileRef = D2427CCE27A4672B001FD697 /* WebmotorsChallengeUITestsLaunchTests.swift */; };
		D2427CE127A46A5E001FD697 /* VehiclesViewController.swift in Sources */ = {isa = PBXBuildFile; fileRef = D2427CE027A46A5E001FD697 /* VehiclesViewController.swift */; };
		D2427CE427A46A9A001FD697 /* BaseViewController.swift in Sources */ = {isa = PBXBuildFile; fileRef = D2427CE327A46A9A001FD697 /* BaseViewController.swift */; };
		D2427CE627A46AA9001FD697 /* BaseViewModel.swift in Sources */ = {isa = PBXBuildFile; fileRef = D2427CE527A46AA9001FD697 /* BaseViewModel.swift */; };
		D2427CE927A46AF8001FD697 /* AppCoordinator.swift in Sources */ = {isa = PBXBuildFile; fileRef = D2427CE827A46AF8001FD697 /* AppCoordinator.swift */; };
		D2427CEB27A46B3A001FD697 /* VehiclesViewModel.swift in Sources */ = {isa = PBXBuildFile; fileRef = D2427CEA27A46B3A001FD697 /* VehiclesViewModel.swift */; };
		D2427CEE27A46BF9001FD697 /* CenterLoadingView.swift in Sources */ = {isa = PBXBuildFile; fileRef = D2427CED27A46BF9001FD697 /* CenterLoadingView.swift */; };
		D2427CF927A46C61001FD697 /* UIColorExtensions.swift in Sources */ = {isa = PBXBuildFile; fileRef = D2427CF127A46C60001FD697 /* UIColorExtensions.swift */; };
		D2427CFA27A46C61001FD697 /* NSObjectExtensions.swift in Sources */ = {isa = PBXBuildFile; fileRef = D2427CF227A46C60001FD697 /* NSObjectExtensions.swift */; };
		D2427CFB27A46C61001FD697 /* StringExtensions.swift in Sources */ = {isa = PBXBuildFile; fileRef = D2427CF327A46C60001FD697 /* StringExtensions.swift */; };
		D2427CFC27A46C61001FD697 /* SingleExtensions.swift in Sources */ = {isa = PBXBuildFile; fileRef = D2427CF427A46C61001FD697 /* SingleExtensions.swift */; };
		D2427CFE27A46C61001FD697 /* UIViewExtensions.swift in Sources */ = {isa = PBXBuildFile; fileRef = D2427CF627A46C61001FD697 /* UIViewExtensions.swift */; };
		D2427CFF27A46C61001FD697 /* UIViewControllerExtensions.swift in Sources */ = {isa = PBXBuildFile; fileRef = D2427CF727A46C61001FD697 /* UIViewControllerExtensions.swift */; };
		D2427D0227A46CA9001FD697 /* Constants.swift in Sources */ = {isa = PBXBuildFile; fileRef = D2427D0127A46CA9001FD697 /* Constants.swift */; };
		D2427D0827A46CC4001FD697 /* Reachability.swift in Sources */ = {isa = PBXBuildFile; fileRef = D2427D0427A46CC4001FD697 /* Reachability.swift */; };
		D2427D0927A46CC4001FD697 /* ServiceError.swift in Sources */ = {isa = PBXBuildFile; fileRef = D2427D0527A46CC4001FD697 /* ServiceError.swift */; };
		D2427D0A27A46CC4001FD697 /* HandleError.swift in Sources */ = {isa = PBXBuildFile; fileRef = D2427D0627A46CC4001FD697 /* HandleError.swift */; };
		D2427D0B27A46CC4001FD697 /* ResponseApiError.swift in Sources */ = {isa = PBXBuildFile; fileRef = D2427D0727A46CC4001FD697 /* ResponseApiError.swift */; };
		D2427D0F27A46CF3001FD697 /* Enviroment.swift in Sources */ = {isa = PBXBuildFile; fileRef = D2427D0D27A46CF3001FD697 /* Enviroment.swift */; };
		D2427D1227A4769D001FD697 /* APIProvider.swift in Sources */ = {isa = PBXBuildFile; fileRef = D2427D1127A4769D001FD697 /* APIProvider.swift */; };
		D2427D1727A476D0001FD697 /* VehicleAPI.swift in Sources */ = {isa = PBXBuildFile; fileRef = D2427D1527A476D0001FD697 /* VehicleAPI.swift */; };
		D2427D1827A476D0001FD697 /* VehicleService.swift in Sources */ = {isa = PBXBuildFile; fileRef = D2427D1627A476D0001FD697 /* VehicleService.swift */; };
		D2427D1E27A4773E001FD697 /* vehicles_success_response.json in Resources */ = {isa = PBXBuildFile; fileRef = D2427D1D27A4773E001FD697 /* vehicles_success_response.json */; };
		D2427D2127A477CB001FD697 /* Vehicle.swift in Sources */ = {isa = PBXBuildFile; fileRef = D2427D2027A477CB001FD697 /* Vehicle.swift */; };
		D2427D2727A48252001FD697 /* BaseTableViewCell.swift in Sources */ = {isa = PBXBuildFile; fileRef = D2427D2627A48252001FD697 /* BaseTableViewCell.swift */; };
		D2427D2D27A484D4001FD697 /* UIImageView+Extensions.swift in Sources */ = {isa = PBXBuildFile; fileRef = D2427D2C27A484D4001FD697 /* UIImageView+Extensions.swift */; };
		D2427D2F27A48620001FD697 /* UITableView+Extension.swift in Sources */ = {isa = PBXBuildFile; fileRef = D2427D2E27A48620001FD697 /* UITableView+Extension.swift */; };
		D2427D3327A48D28001FD697 /* FormattableNumberic.swift in Sources */ = {isa = PBXBuildFile; fileRef = D2427D3227A48D28001FD697 /* FormattableNumberic.swift */; };
		D2427D3627A49483001FD697 /* VehiclesCell.swift in Sources */ = {isa = PBXBuildFile; fileRef = D2427D3527A49483001FD697 /* VehiclesCell.swift */; };
		D2427D3827A49763001FD697 /* TableLoadingFooterView.swift in Sources */ = {isa = PBXBuildFile; fileRef = D2427D3727A49763001FD697 /* TableLoadingFooterView.swift */; };
		D2427D3A27A49E91001FD697 /* DefaultNavigationController.swift in Sources */ = {isa = PBXBuildFile; fileRef = D2427D3927A49E91001FD697 /* DefaultNavigationController.swift */; };
		D2427D3D27A49FA8001FD697 /* VehicleDetailViewController.swift in Sources */ = {isa = PBXBuildFile; fileRef = D2427D3C27A49FA8001FD697 /* VehicleDetailViewController.swift */; };
		D2427D3F27A49FD0001FD697 /* VehicleDetailViewModel.swift in Sources */ = {isa = PBXBuildFile; fileRef = D2427D3E27A49FD0001FD697 /* VehicleDetailViewModel.swift */; };
		D2808C3B27A585120042BAB5 /* Assets.xcassets in Resources */ = {isa = PBXBuildFile; fileRef = D2427CB427A4672B001FD697 /* Assets.xcassets */; };
		D2808C4727A590740042BAB5 /* UIFont+Extensions.swift in Sources */ = {isa = PBXBuildFile; fileRef = D2808C4627A590740042BAB5 /* UIFont+Extensions.swift */; };
		D2808C5727A593AE0042BAB5 /* Rajdhani-Light.ttf in Resources */ = {isa = PBXBuildFile; fileRef = D2808C5227A593AE0042BAB5 /* Rajdhani-Light.ttf */; };
		D2808C5827A593AE0042BAB5 /* Rajdhani-Regular.ttf in Resources */ = {isa = PBXBuildFile; fileRef = D2808C5327A593AE0042BAB5 /* Rajdhani-Regular.ttf */; };
		D2808C5927A593AE0042BAB5 /* Rajdhani-SemiBold.ttf in Resources */ = {isa = PBXBuildFile; fileRef = D2808C5427A593AE0042BAB5 /* Rajdhani-SemiBold.ttf */; };
		D2808C5A27A593AE0042BAB5 /* Rajdhani-Medium.ttf in Resources */ = {isa = PBXBuildFile; fileRef = D2808C5527A593AE0042BAB5 /* Rajdhani-Medium.ttf */; };
		D2808C5B27A593AE0042BAB5 /* Rajdhani-Bold.ttf in Resources */ = {isa = PBXBuildFile; fileRef = D2808C5627A593AE0042BAB5 /* Rajdhani-Bold.ttf */; };
		D2808C5D27A594430042BAB5 /* UILabel+Extensions.swift in Sources */ = {isa = PBXBuildFile; fileRef = D2808C5C27A594420042BAB5 /* UILabel+Extensions.swift */; };
		D28B576527A4BD750031669F /* VehicleDetailCellType.swift in Sources */ = {isa = PBXBuildFile; fileRef = D28B576427A4BD750031669F /* VehicleDetailCellType.swift */; };
		D28B576727A4C03E0031669F /* VehicleDetailCells.swift in Sources */ = {isa = PBXBuildFile; fileRef = D28B576627A4C03E0031669F /* VehicleDetailCells.swift */; };
		D28B576A27A57E500031669F /* VehicleTests.swift in Sources */ = {isa = PBXBuildFile; fileRef = D28B576927A57E500031669F /* VehicleTests.swift */; };
		D2C6220E27A70240002C66DC /* ConstantsTests.swift in Sources */ = {isa = PBXBuildFile; fileRef = D2C6220D27A70240002C66DC /* ConstantsTests.swift */; };
		D2C6221127A70320002C66DC /* NSObjectExtensionsTests.swift in Sources */ = {isa = PBXBuildFile; fileRef = D2C6221027A70320002C66DC /* NSObjectExtensionsTests.swift */; };
		D2C6221527A7067B002C66DC /* StringExtensionsTests.swift in Sources */ = {isa = PBXBuildFile; fileRef = D2C6221427A7067B002C66DC /* StringExtensionsTests.swift */; };
		D2C6221727A7079D002C66DC /* FormattableNumericTests.swift in Sources */ = {isa = PBXBuildFile; fileRef = D2C6221627A7079D002C66DC /* FormattableNumericTests.swift */; };
		D2C6221E27A70E54002C66DC /* VehiclesViewModelTests.swift in Sources */ = {isa = PBXBuildFile; fileRef = D2C6221D27A70E54002C66DC /* VehiclesViewModelTests.swift */; };
		D2C6222027A71101002C66DC /* VehiclesViewControllerTests.swift in Sources */ = {isa = PBXBuildFile; fileRef = D2C6221F27A71101002C66DC /* VehiclesViewControllerTests.swift */; };
		D2C6222227A71179002C66DC /* FakeVehiclesService.swift in Sources */ = {isa = PBXBuildFile; fileRef = D2C6222127A71179002C66DC /* FakeVehiclesService.swift */; };
		D2C6222427A71281002C66DC /* UIApplicationExtensions.swift in Sources */ = {isa = PBXBuildFile; fileRef = D2C6222327A71281002C66DC /* UIApplicationExtensions.swift */; };
		D2C6222627A71447002C66DC /* TestsExtensions.swift in Sources */ = {isa = PBXBuildFile; fileRef = D2C6222527A71447002C66DC /* TestsExtensions.swift */; };
		D2C6222927A80241002C66DC /* VehicleDetailViewModelTests.swift in Sources */ = {isa = PBXBuildFile; fileRef = D2C6222827A80241002C66DC /* VehicleDetailViewModelTests.swift */; };
		D2C6222B27A807E4002C66DC /* VehicleDetailViewControllerTests.swift in Sources */ = {isa = PBXBuildFile; fileRef = D2C6222A27A807E4002C66DC /* VehicleDetailViewControllerTests.swift */; };
/* End PBXBuildFile section */

/* Begin PBXContainerItemProxy section */
		D2427CBF27A4672B001FD697 /* PBXContainerItemProxy */ = {
			isa = PBXContainerItemProxy;
			containerPortal = D2427CA027A46729001FD697 /* Project object */;
			proxyType = 1;
			remoteGlobalIDString = D2427CA727A46729001FD697;
			remoteInfo = WebmotorsChallenge;
		};
		D2427CC927A4672B001FD697 /* PBXContainerItemProxy */ = {
			isa = PBXContainerItemProxy;
			containerPortal = D2427CA027A46729001FD697 /* Project object */;
			proxyType = 1;
			remoteGlobalIDString = D2427CA727A46729001FD697;
			remoteInfo = WebmotorsChallenge;
		};
/* End PBXContainerItemProxy section */

/* Begin PBXFileReference section */
		32CF2CBE88B8E648607096DC /* Pods-WebmotorsChallenge.debug.xcconfig */ = {isa = PBXFileReference; includeInIndex = 1; lastKnownFileType = text.xcconfig; name = "Pods-WebmotorsChallenge.debug.xcconfig"; path = "Target Support Files/Pods-WebmotorsChallenge/Pods-WebmotorsChallenge.debug.xcconfig"; sourceTree = "<group>"; };
		4B8068339CC7B3C8F0075822 /* Pods-WebmotorsChallenge-WebmotorsChallengeUITests.release.xcconfig */ = {isa = PBXFileReference; includeInIndex = 1; lastKnownFileType = text.xcconfig; name = "Pods-WebmotorsChallenge-WebmotorsChallengeUITests.release.xcconfig"; path = "Target Support Files/Pods-WebmotorsChallenge-WebmotorsChallengeUITests/Pods-WebmotorsChallenge-WebmotorsChallengeUITests.release.xcconfig"; sourceTree = "<group>"; };
		4FDF75A77626FCB2201DC114 /* Pods-WebmotorsChallenge.release.xcconfig */ = {isa = PBXFileReference; includeInIndex = 1; lastKnownFileType = text.xcconfig; name = "Pods-WebmotorsChallenge.release.xcconfig"; path = "Target Support Files/Pods-WebmotorsChallenge/Pods-WebmotorsChallenge.release.xcconfig"; sourceTree = "<group>"; };
		6430A753CA154270BEA83C7C /* Pods_WebmotorsChallengeTests.framework */ = {isa = PBXFileReference; explicitFileType = wrapper.framework; includeInIndex = 0; path = Pods_WebmotorsChallengeTests.framework; sourceTree = BUILT_PRODUCTS_DIR; };
		82A550BFB7213BF677A262F1 /* Pods-WebmotorsChallengeTests.debug.xcconfig */ = {isa = PBXFileReference; includeInIndex = 1; lastKnownFileType = text.xcconfig; name = "Pods-WebmotorsChallengeTests.debug.xcconfig"; path = "Target Support Files/Pods-WebmotorsChallengeTests/Pods-WebmotorsChallengeTests.debug.xcconfig"; sourceTree = "<group>"; };
		87E6E8EC3794B0E0B98056AC /* Pods_WebmotorsChallenge.framework */ = {isa = PBXFileReference; explicitFileType = wrapper.framework; includeInIndex = 0; path = Pods_WebmotorsChallenge.framework; sourceTree = BUILT_PRODUCTS_DIR; };
		A3EA42A6D0518CA26AC8ED75 /* Pods_WebmotorsChallenge_WebmotorsChallengeUITests.framework */ = {isa = PBXFileReference; explicitFileType = wrapper.framework; includeInIndex = 0; path = Pods_WebmotorsChallenge_WebmotorsChallengeUITests.framework; sourceTree = BUILT_PRODUCTS_DIR; };
		D2427CA827A46729001FD697 /* WebmotorsChallenge.app */ = {isa = PBXFileReference; explicitFileType = wrapper.application; includeInIndex = 0; path = WebmotorsChallenge.app; sourceTree = BUILT_PRODUCTS_DIR; };
		D2427CAB27A46729001FD697 /* AppDelegate.swift */ = {isa = PBXFileReference; lastKnownFileType = sourcecode.swift; path = AppDelegate.swift; sourceTree = "<group>"; };
		D2427CB427A4672B001FD697 /* Assets.xcassets */ = {isa = PBXFileReference; lastKnownFileType = folder.assetcatalog; path = Assets.xcassets; sourceTree = "<group>"; };
		D2427CB727A4672B001FD697 /* Base */ = {isa = PBXFileReference; lastKnownFileType = file.storyboard; name = Base; path = Base.lproj/LaunchScreen.storyboard; sourceTree = "<group>"; };
		D2427CB927A4672B001FD697 /* Info.plist */ = {isa = PBXFileReference; lastKnownFileType = text.plist.xml; path = Info.plist; sourceTree = "<group>"; };
		D2427CBE27A4672B001FD697 /* WebmotorsChallengeTests.xctest */ = {isa = PBXFileReference; explicitFileType = wrapper.cfbundle; includeInIndex = 0; path = WebmotorsChallengeTests.xctest; sourceTree = BUILT_PRODUCTS_DIR; };
		D2427CC827A4672B001FD697 /* WebmotorsChallengeUITests.xctest */ = {isa = PBXFileReference; explicitFileType = wrapper.cfbundle; includeInIndex = 0; path = WebmotorsChallengeUITests.xctest; sourceTree = BUILT_PRODUCTS_DIR; };
		D2427CCC27A4672B001FD697 /* WebmotorsChallengeUITests.swift */ = {isa = PBXFileReference; lastKnownFileType = sourcecode.swift; path = WebmotorsChallengeUITests.swift; sourceTree = "<group>"; };
		D2427CCE27A4672B001FD697 /* WebmotorsChallengeUITestsLaunchTests.swift */ = {isa = PBXFileReference; lastKnownFileType = sourcecode.swift; path = WebmotorsChallengeUITestsLaunchTests.swift; sourceTree = "<group>"; };
		D2427CE027A46A5E001FD697 /* VehiclesViewController.swift */ = {isa = PBXFileReference; lastKnownFileType = sourcecode.swift; path = VehiclesViewController.swift; sourceTree = "<group>"; };
		D2427CE327A46A9A001FD697 /* BaseViewController.swift */ = {isa = PBXFileReference; lastKnownFileType = sourcecode.swift; path = BaseViewController.swift; sourceTree = "<group>"; };
		D2427CE527A46AA9001FD697 /* BaseViewModel.swift */ = {isa = PBXFileReference; lastKnownFileType = sourcecode.swift; path = BaseViewModel.swift; sourceTree = "<group>"; };
		D2427CE827A46AF8001FD697 /* AppCoordinator.swift */ = {isa = PBXFileReference; lastKnownFileType = sourcecode.swift; path = AppCoordinator.swift; sourceTree = "<group>"; };
		D2427CEA27A46B3A001FD697 /* VehiclesViewModel.swift */ = {isa = PBXFileReference; lastKnownFileType = sourcecode.swift; path = VehiclesViewModel.swift; sourceTree = "<group>"; };
		D2427CED27A46BF9001FD697 /* CenterLoadingView.swift */ = {isa = PBXFileReference; lastKnownFileType = sourcecode.swift; path = CenterLoadingView.swift; sourceTree = "<group>"; };
		D2427CF127A46C60001FD697 /* UIColorExtensions.swift */ = {isa = PBXFileReference; fileEncoding = 4; lastKnownFileType = sourcecode.swift; path = UIColorExtensions.swift; sourceTree = "<group>"; };
		D2427CF227A46C60001FD697 /* NSObjectExtensions.swift */ = {isa = PBXFileReference; fileEncoding = 4; lastKnownFileType = sourcecode.swift; path = NSObjectExtensions.swift; sourceTree = "<group>"; };
		D2427CF327A46C60001FD697 /* StringExtensions.swift */ = {isa = PBXFileReference; fileEncoding = 4; lastKnownFileType = sourcecode.swift; path = StringExtensions.swift; sourceTree = "<group>"; };
		D2427CF427A46C61001FD697 /* SingleExtensions.swift */ = {isa = PBXFileReference; fileEncoding = 4; lastKnownFileType = sourcecode.swift; path = SingleExtensions.swift; sourceTree = "<group>"; };
		D2427CF627A46C61001FD697 /* UIViewExtensions.swift */ = {isa = PBXFileReference; fileEncoding = 4; lastKnownFileType = sourcecode.swift; path = UIViewExtensions.swift; sourceTree = "<group>"; };
		D2427CF727A46C61001FD697 /* UIViewControllerExtensions.swift */ = {isa = PBXFileReference; fileEncoding = 4; lastKnownFileType = sourcecode.swift; path = UIViewControllerExtensions.swift; sourceTree = "<group>"; };
		D2427D0127A46CA9001FD697 /* Constants.swift */ = {isa = PBXFileReference; fileEncoding = 4; lastKnownFileType = sourcecode.swift; path = Constants.swift; sourceTree = "<group>"; };
		D2427D0427A46CC4001FD697 /* Reachability.swift */ = {isa = PBXFileReference; fileEncoding = 4; lastKnownFileType = sourcecode.swift; path = Reachability.swift; sourceTree = "<group>"; };
		D2427D0527A46CC4001FD697 /* ServiceError.swift */ = {isa = PBXFileReference; fileEncoding = 4; lastKnownFileType = sourcecode.swift; path = ServiceError.swift; sourceTree = "<group>"; };
		D2427D0627A46CC4001FD697 /* HandleError.swift */ = {isa = PBXFileReference; fileEncoding = 4; lastKnownFileType = sourcecode.swift; path = HandleError.swift; sourceTree = "<group>"; };
		D2427D0727A46CC4001FD697 /* ResponseApiError.swift */ = {isa = PBXFileReference; fileEncoding = 4; lastKnownFileType = sourcecode.swift; path = ResponseApiError.swift; sourceTree = "<group>"; };
		D2427D0D27A46CF3001FD697 /* Enviroment.swift */ = {isa = PBXFileReference; fileEncoding = 4; lastKnownFileType = sourcecode.swift; path = Enviroment.swift; sourceTree = "<group>"; };
		D2427D1127A4769D001FD697 /* APIProvider.swift */ = {isa = PBXFileReference; fileEncoding = 4; lastKnownFileType = sourcecode.swift; path = APIProvider.swift; sourceTree = "<group>"; };
		D2427D1527A476D0001FD697 /* VehicleAPI.swift */ = {isa = PBXFileReference; fileEncoding = 4; lastKnownFileType = sourcecode.swift; path = VehicleAPI.swift; sourceTree = "<group>"; };
		D2427D1627A476D0001FD697 /* VehicleService.swift */ = {isa = PBXFileReference; fileEncoding = 4; lastKnownFileType = sourcecode.swift; path = VehicleService.swift; sourceTree = "<group>"; };
		D2427D1D27A4773E001FD697 /* vehicles_success_response.json */ = {isa = PBXFileReference; lastKnownFileType = text.json; path = vehicles_success_response.json; sourceTree = "<group>"; };
		D2427D2027A477CB001FD697 /* Vehicle.swift */ = {isa = PBXFileReference; lastKnownFileType = sourcecode.swift; path = Vehicle.swift; sourceTree = "<group>"; };
		D2427D2627A48252001FD697 /* BaseTableViewCell.swift */ = {isa = PBXFileReference; fileEncoding = 4; lastKnownFileType = sourcecode.swift; path = BaseTableViewCell.swift; sourceTree = "<group>"; };
		D2427D2C27A484D4001FD697 /* UIImageView+Extensions.swift */ = {isa = PBXFileReference; lastKnownFileType = sourcecode.swift; path = "UIImageView+Extensions.swift"; sourceTree = "<group>"; };
		D2427D2E27A48620001FD697 /* UITableView+Extension.swift */ = {isa = PBXFileReference; fileEncoding = 4; lastKnownFileType = sourcecode.swift; path = "UITableView+Extension.swift"; sourceTree = "<group>"; };
		D2427D3227A48D28001FD697 /* FormattableNumberic.swift */ = {isa = PBXFileReference; lastKnownFileType = sourcecode.swift; path = FormattableNumberic.swift; sourceTree = "<group>"; };
		D2427D3527A49483001FD697 /* VehiclesCell.swift */ = {isa = PBXFileReference; lastKnownFileType = sourcecode.swift; path = VehiclesCell.swift; sourceTree = "<group>"; };
		D2427D3727A49763001FD697 /* TableLoadingFooterView.swift */ = {isa = PBXFileReference; lastKnownFileType = sourcecode.swift; path = TableLoadingFooterView.swift; sourceTree = "<group>"; };
		D2427D3927A49E91001FD697 /* DefaultNavigationController.swift */ = {isa = PBXFileReference; lastKnownFileType = sourcecode.swift; path = DefaultNavigationController.swift; sourceTree = "<group>"; };
		D2427D3C27A49FA8001FD697 /* VehicleDetailViewController.swift */ = {isa = PBXFileReference; lastKnownFileType = sourcecode.swift; path = VehicleDetailViewController.swift; sourceTree = "<group>"; };
		D2427D3E27A49FD0001FD697 /* VehicleDetailViewModel.swift */ = {isa = PBXFileReference; lastKnownFileType = sourcecode.swift; path = VehicleDetailViewModel.swift; sourceTree = "<group>"; };
		D2808C4627A590740042BAB5 /* UIFont+Extensions.swift */ = {isa = PBXFileReference; lastKnownFileType = sourcecode.swift; path = "UIFont+Extensions.swift"; sourceTree = "<group>"; };
		D2808C5227A593AE0042BAB5 /* Rajdhani-Light.ttf */ = {isa = PBXFileReference; lastKnownFileType = file; path = "Rajdhani-Light.ttf"; sourceTree = "<group>"; };
		D2808C5327A593AE0042BAB5 /* Rajdhani-Regular.ttf */ = {isa = PBXFileReference; lastKnownFileType = file; path = "Rajdhani-Regular.ttf"; sourceTree = "<group>"; };
		D2808C5427A593AE0042BAB5 /* Rajdhani-SemiBold.ttf */ = {isa = PBXFileReference; lastKnownFileType = file; path = "Rajdhani-SemiBold.ttf"; sourceTree = "<group>"; };
		D2808C5527A593AE0042BAB5 /* Rajdhani-Medium.ttf */ = {isa = PBXFileReference; lastKnownFileType = file; path = "Rajdhani-Medium.ttf"; sourceTree = "<group>"; };
		D2808C5627A593AE0042BAB5 /* Rajdhani-Bold.ttf */ = {isa = PBXFileReference; lastKnownFileType = file; path = "Rajdhani-Bold.ttf"; sourceTree = "<group>"; };
		D2808C5C27A594420042BAB5 /* UILabel+Extensions.swift */ = {isa = PBXFileReference; lastKnownFileType = sourcecode.swift; path = "UILabel+Extensions.swift"; sourceTree = "<group>"; };
		D28B576427A4BD750031669F /* VehicleDetailCellType.swift */ = {isa = PBXFileReference; lastKnownFileType = sourcecode.swift; path = VehicleDetailCellType.swift; sourceTree = "<group>"; };
		D28B576627A4C03E0031669F /* VehicleDetailCells.swift */ = {isa = PBXFileReference; lastKnownFileType = sourcecode.swift; path = VehicleDetailCells.swift; sourceTree = "<group>"; };
		D28B576927A57E500031669F /* VehicleTests.swift */ = {isa = PBXFileReference; lastKnownFileType = sourcecode.swift; path = VehicleTests.swift; sourceTree = "<group>"; };
		D2C6220D27A70240002C66DC /* ConstantsTests.swift */ = {isa = PBXFileReference; lastKnownFileType = sourcecode.swift; path = ConstantsTests.swift; sourceTree = "<group>"; };
		D2C6221027A70320002C66DC /* NSObjectExtensionsTests.swift */ = {isa = PBXFileReference; lastKnownFileType = sourcecode.swift; path = NSObjectExtensionsTests.swift; sourceTree = "<group>"; };
		D2C6221427A7067B002C66DC /* StringExtensionsTests.swift */ = {isa = PBXFileReference; lastKnownFileType = sourcecode.swift; path = StringExtensionsTests.swift; sourceTree = "<group>"; };
		D2C6221627A7079D002C66DC /* FormattableNumericTests.swift */ = {isa = PBXFileReference; lastKnownFileType = sourcecode.swift; path = FormattableNumericTests.swift; sourceTree = "<group>"; };
		D2C6221D27A70E54002C66DC /* VehiclesViewModelTests.swift */ = {isa = PBXFileReference; lastKnownFileType = sourcecode.swift; path = VehiclesViewModelTests.swift; sourceTree = "<group>"; };
		D2C6221F27A71101002C66DC /* VehiclesViewControllerTests.swift */ = {isa = PBXFileReference; lastKnownFileType = sourcecode.swift; path = VehiclesViewControllerTests.swift; sourceTree = "<group>"; };
		D2C6222127A71179002C66DC /* FakeVehiclesService.swift */ = {isa = PBXFileReference; lastKnownFileType = sourcecode.swift; path = FakeVehiclesService.swift; sourceTree = "<group>"; };
		D2C6222327A71281002C66DC /* UIApplicationExtensions.swift */ = {isa = PBXFileReference; lastKnownFileType = sourcecode.swift; path = UIApplicationExtensions.swift; sourceTree = "<group>"; };
		D2C6222527A71447002C66DC /* TestsExtensions.swift */ = {isa = PBXFileReference; lastKnownFileType = sourcecode.swift; path = TestsExtensions.swift; sourceTree = "<group>"; };
		D2C6222827A80241002C66DC /* VehicleDetailViewModelTests.swift */ = {isa = PBXFileReference; lastKnownFileType = sourcecode.swift; path = VehicleDetailViewModelTests.swift; sourceTree = "<group>"; };
		D2C6222A27A807E4002C66DC /* VehicleDetailViewControllerTests.swift */ = {isa = PBXFileReference; lastKnownFileType = sourcecode.swift; path = VehicleDetailViewControllerTests.swift; sourceTree = "<group>"; };
		D5EFBE3FB7A046E4CD18029B /* Pods-WebmotorsChallengeTests.release.xcconfig */ = {isa = PBXFileReference; includeInIndex = 1; lastKnownFileType = text.xcconfig; name = "Pods-WebmotorsChallengeTests.release.xcconfig"; path = "Target Support Files/Pods-WebmotorsChallengeTests/Pods-WebmotorsChallengeTests.release.xcconfig"; sourceTree = "<group>"; };
		DF4901F7478F6FD78B2D16EC /* Pods-WebmotorsChallenge-WebmotorsChallengeUITests.debug.xcconfig */ = {isa = PBXFileReference; includeInIndex = 1; lastKnownFileType = text.xcconfig; name = "Pods-WebmotorsChallenge-WebmotorsChallengeUITests.debug.xcconfig"; path = "Target Support Files/Pods-WebmotorsChallenge-WebmotorsChallengeUITests/Pods-WebmotorsChallenge-WebmotorsChallengeUITests.debug.xcconfig"; sourceTree = "<group>"; };
/* End PBXFileReference section */

/* Begin PBXFrameworksBuildPhase section */
		D2427CA527A46729001FD697 /* Frameworks */ = {
			isa = PBXFrameworksBuildPhase;
			buildActionMask = 2147483647;
			files = (
				3FD9FC416B08EBB1E3E81006 /* Pods_WebmotorsChallenge.framework in Frameworks */,
			);
			runOnlyForDeploymentPostprocessing = 0;
		};
		D2427CBB27A4672B001FD697 /* Frameworks */ = {
			isa = PBXFrameworksBuildPhase;
			buildActionMask = 2147483647;
			files = (
				7321E275C8B157D0F2CBAC31 /* Pods_WebmotorsChallengeTests.framework in Frameworks */,
			);
			runOnlyForDeploymentPostprocessing = 0;
		};
		D2427CC527A4672B001FD697 /* Frameworks */ = {
			isa = PBXFrameworksBuildPhase;
			buildActionMask = 2147483647;
			files = (
				B8305A2D83185A2AC0D2A7A7 /* Pods_WebmotorsChallenge_WebmotorsChallengeUITests.framework in Frameworks */,
			);
			runOnlyForDeploymentPostprocessing = 0;
		};
/* End PBXFrameworksBuildPhase section */

/* Begin PBXGroup section */
		604A72819660033DB10EC6E1 /* Pods */ = {
			isa = PBXGroup;
			children = (
				32CF2CBE88B8E648607096DC /* Pods-WebmotorsChallenge.debug.xcconfig */,
				4FDF75A77626FCB2201DC114 /* Pods-WebmotorsChallenge.release.xcconfig */,
				DF4901F7478F6FD78B2D16EC /* Pods-WebmotorsChallenge-WebmotorsChallengeUITests.debug.xcconfig */,
				4B8068339CC7B3C8F0075822 /* Pods-WebmotorsChallenge-WebmotorsChallengeUITests.release.xcconfig */,
				82A550BFB7213BF677A262F1 /* Pods-WebmotorsChallengeTests.debug.xcconfig */,
				D5EFBE3FB7A046E4CD18029B /* Pods-WebmotorsChallengeTests.release.xcconfig */,
			);
			path = Pods;
			sourceTree = "<group>";
		};
		D2427C9F27A46729001FD697 = {
			isa = PBXGroup;
			children = (
				D2427CAA27A46729001FD697 /* WebmotorsChallenge */,
				D2427CC127A4672B001FD697 /* WebmotorsChallengeTests */,
				D2427CCB27A4672B001FD697 /* WebmotorsChallengeUITests */,
				D2427CA927A46729001FD697 /* Products */,
				604A72819660033DB10EC6E1 /* Pods */,
				FD380CCF8916C657224CCF75 /* Frameworks */,
			);
			sourceTree = "<group>";
		};
		D2427CA927A46729001FD697 /* Products */ = {
			isa = PBXGroup;
			children = (
				D2427CA827A46729001FD697 /* WebmotorsChallenge.app */,
				D2427CBE27A4672B001FD697 /* WebmotorsChallengeTests.xctest */,
				D2427CC827A4672B001FD697 /* WebmotorsChallengeUITests.xctest */,
			);
			name = Products;
			sourceTree = "<group>";
		};
		D2427CAA27A46729001FD697 /* WebmotorsChallenge */ = {
			isa = PBXGroup;
			children = (
				D2808C4127A5901C0042BAB5 /* Font */,
				D2427D1027A474E8001FD697 /* Data */,
				D2427D0027A46C99001FD697 /* Helpers */,
				D2427CEF27A46C48001FD697 /* Extensions */,
				D2427CEC27A46BEE001FD697 /* Components */,
				D2427CE727A46AE4001FD697 /* Core */,
				D2427CE227A46A8F001FD697 /* Base */,
				D2427CDF27A46A4C001FD697 /* Views */,
				D2427D1927A476F8001FD697 /* Mocks */,
				D2427CAB27A46729001FD697 /* AppDelegate.swift */,
				D2427CB427A4672B001FD697 /* Assets.xcassets */,
				D2427CB627A4672B001FD697 /* LaunchScreen.storyboard */,
				D2427CB927A4672B001FD697 /* Info.plist */,
			);
			path = WebmotorsChallenge;
			sourceTree = "<group>";
		};
		D2427CC127A4672B001FD697 /* WebmotorsChallengeTests */ = {
			isa = PBXGroup;
			children = (
				D28B576827A57E3C0031669F /* Data */,
				D2C6220C27A70222002C66DC /* Helpers */,
				D2C6220F27A702E6002C66DC /* Extensions */,
				D2C6221B27A70E2D002C66DC /* Views */,
			);
			path = WebmotorsChallengeTests;
			sourceTree = "<group>";
		};
		D2427CCB27A4672B001FD697 /* WebmotorsChallengeUITests */ = {
			isa = PBXGroup;
			children = (
				D2427CCC27A4672B001FD697 /* WebmotorsChallengeUITests.swift */,
				D2427CCE27A4672B001FD697 /* WebmotorsChallengeUITestsLaunchTests.swift */,
			);
			path = WebmotorsChallengeUITests;
			sourceTree = "<group>";
		};
		D2427CDF27A46A4C001FD697 /* Views */ = {
			isa = PBXGroup;
			children = (
				D2427D3427A493E8001FD697 /* Vehicles */,
				D2427D3B27A49F97001FD697 /* VehicleDetail */,
			);
			path = Views;
			sourceTree = "<group>";
		};
		D2427CE227A46A8F001FD697 /* Base */ = {
			isa = PBXGroup;
			children = (
				D2427CE327A46A9A001FD697 /* BaseViewController.swift */,
				D2427CE527A46AA9001FD697 /* BaseViewModel.swift */,
				D2427D2627A48252001FD697 /* BaseTableViewCell.swift */,
			);
			path = Base;
			sourceTree = "<group>";
		};
		D2427CE727A46AE4001FD697 /* Core */ = {
			isa = PBXGroup;
			children = (
				D2427D0D27A46CF3001FD697 /* Enviroment.swift */,
				D2427CE827A46AF8001FD697 /* AppCoordinator.swift */,
			);
			path = Core;
			sourceTree = "<group>";
		};
		D2427CEC27A46BEE001FD697 /* Components */ = {
			isa = PBXGroup;
			children = (
				D2427CED27A46BF9001FD697 /* CenterLoadingView.swift */,
				D2427D3727A49763001FD697 /* TableLoadingFooterView.swift */,
				D2427D3927A49E91001FD697 /* DefaultNavigationController.swift */,
			);
			path = Components;
			sourceTree = "<group>";
		};
		D2427CEF27A46C48001FD697 /* Extensions */ = {
			isa = PBXGroup;
			children = (
				D2427CF227A46C60001FD697 /* NSObjectExtensions.swift */,
				D2427CF427A46C61001FD697 /* SingleExtensions.swift */,
				D2427CF327A46C60001FD697 /* StringExtensions.swift */,
				D2427CF127A46C60001FD697 /* UIColorExtensions.swift */,
				D2427CF727A46C61001FD697 /* UIViewControllerExtensions.swift */,
				D2427CF627A46C61001FD697 /* UIViewExtensions.swift */,
				D2427D2C27A484D4001FD697 /* UIImageView+Extensions.swift */,
				D2427D2E27A48620001FD697 /* UITableView+Extension.swift */,
				D2427D3227A48D28001FD697 /* FormattableNumberic.swift */,
				D2808C4627A590740042BAB5 /* UIFont+Extensions.swift */,
				D2808C5C27A594420042BAB5 /* UILabel+Extensions.swift */,
				D2C6222327A71281002C66DC /* UIApplicationExtensions.swift */,
			);
			path = Extensions;
			sourceTree = "<group>";
		};
		D2427D0027A46C99001FD697 /* Helpers */ = {
			isa = PBXGroup;
			children = (
				D2427D0327A46CBB001FD697 /* ErrorHandling */,
				D2427D0127A46CA9001FD697 /* Constants.swift */,
			);
			path = Helpers;
			sourceTree = "<group>";
		};
		D2427D0327A46CBB001FD697 /* ErrorHandling */ = {
			isa = PBXGroup;
			children = (
				D2427D0627A46CC4001FD697 /* HandleError.swift */,
				D2427D0427A46CC4001FD697 /* Reachability.swift */,
				D2427D0727A46CC4001FD697 /* ResponseApiError.swift */,
				D2427D0527A46CC4001FD697 /* ServiceError.swift */,
			);
			path = ErrorHandling;
			sourceTree = "<group>";
		};
		D2427D1027A474E8001FD697 /* Data */ = {
			isa = PBXGroup;
			children = (
				D2427D1F27A477C3001FD697 /* Domain */,
				D2427D1327A476A9001FD697 /* Service */,
				D2427D1127A4769D001FD697 /* APIProvider.swift */,
			);
			path = Data;
			sourceTree = "<group>";
		};
		D2427D1327A476A9001FD697 /* Service */ = {
			isa = PBXGroup;
			children = (
				D2427D1427A476BF001FD697 /* Vehicles */,
			);
			path = Service;
			sourceTree = "<group>";
		};
		D2427D1427A476BF001FD697 /* Vehicles */ = {
			isa = PBXGroup;
			children = (
				D2427D1527A476D0001FD697 /* VehicleAPI.swift */,
				D2427D1627A476D0001FD697 /* VehicleService.swift */,
			);
			path = Vehicles;
			sourceTree = "<group>";
		};
		D2427D1927A476F8001FD697 /* Mocks */ = {
			isa = PBXGroup;
			children = (
				D2427D1A27A47708001FD697 /* Vehicles */,
			);
			path = Mocks;
			sourceTree = "<group>";
		};
		D2427D1A27A47708001FD697 /* Vehicles */ = {
			isa = PBXGroup;
			children = (
				D2427D1D27A4773E001FD697 /* vehicles_success_response.json */,
			);
			path = Vehicles;
			sourceTree = "<group>";
		};
		D2427D1F27A477C3001FD697 /* Domain */ = {
			isa = PBXGroup;
			children = (
				D2427D2027A477CB001FD697 /* Vehicle.swift */,
			);
			path = Domain;
			sourceTree = "<group>";
		};
		D2427D3427A493E8001FD697 /* Vehicles */ = {
			isa = PBXGroup;
			children = (
				D2427CE027A46A5E001FD697 /* VehiclesViewController.swift */,
				D2427CEA27A46B3A001FD697 /* VehiclesViewModel.swift */,
				D2427D3527A49483001FD697 /* VehiclesCell.swift */,
			);
			path = Vehicles;
			sourceTree = "<group>";
		};
		D2427D3B27A49F97001FD697 /* VehicleDetail */ = {
			isa = PBXGroup;
			children = (
				D2427D3C27A49FA8001FD697 /* VehicleDetailViewController.swift */,
				D2427D3E27A49FD0001FD697 /* VehicleDetailViewModel.swift */,
				D28B576427A4BD750031669F /* VehicleDetailCellType.swift */,
				D28B576627A4C03E0031669F /* VehicleDetailCells.swift */,
			);
			path = VehicleDetail;
			sourceTree = "<group>";
		};
		D2808C4127A5901C0042BAB5 /* Font */ = {
			isa = PBXGroup;
			children = (
				D2808C5627A593AE0042BAB5 /* Rajdhani-Bold.ttf */,
				D2808C5227A593AE0042BAB5 /* Rajdhani-Light.ttf */,
				D2808C5527A593AE0042BAB5 /* Rajdhani-Medium.ttf */,
				D2808C5327A593AE0042BAB5 /* Rajdhani-Regular.ttf */,
				D2808C5427A593AE0042BAB5 /* Rajdhani-SemiBold.ttf */,
			);
			path = Font;
			sourceTree = "<group>";
		};
		D28B576827A57E3C0031669F /* Data */ = {
			isa = PBXGroup;
			children = (
				D28B576B27A57E570031669F /* Domain */,
			);
			path = Data;
			sourceTree = "<group>";
		};
		D28B576B27A57E570031669F /* Domain */ = {
			isa = PBXGroup;
			children = (
				D28B576927A57E500031669F /* VehicleTests.swift */,
			);
			path = Domain;
			sourceTree = "<group>";
		};
		D2C6220C27A70222002C66DC /* Helpers */ = {
			isa = PBXGroup;
			children = (
				D2C6220D27A70240002C66DC /* ConstantsTests.swift */,
			);
			path = Helpers;
			sourceTree = "<group>";
		};
		D2C6220F27A702E6002C66DC /* Extensions */ = {
			isa = PBXGroup;
			children = (
				D2C6221027A70320002C66DC /* NSObjectExtensionsTests.swift */,
				D2C6221427A7067B002C66DC /* StringExtensionsTests.swift */,
				D2C6221627A7079D002C66DC /* FormattableNumericTests.swift */,
				D2C6222527A71447002C66DC /* TestsExtensions.swift */,
			);
			path = Extensions;
			sourceTree = "<group>";
		};
		D2C6221B27A70E2D002C66DC /* Views */ = {
			isa = PBXGroup;
			children = (
				D2C6221C27A70E34002C66DC /* Vehicles */,
				D2C6222727A8003E002C66DC /* VehicleDetail */,
			);
			path = Views;
			sourceTree = "<group>";
		};
		D2C6221C27A70E34002C66DC /* Vehicles */ = {
			isa = PBXGroup;
			children = (
				D2C6222127A71179002C66DC /* FakeVehiclesService.swift */,
				D2C6221F27A71101002C66DC /* VehiclesViewControllerTests.swift */,
				D2C6221D27A70E54002C66DC /* VehiclesViewModelTests.swift */,
			);
			path = Vehicles;
			sourceTree = "<group>";
		};
		D2C6222727A8003E002C66DC /* VehicleDetail */ = {
			isa = PBXGroup;
			children = (
				D2C6222A27A807E4002C66DC /* VehicleDetailViewControllerTests.swift */,
				D2C6222827A80241002C66DC /* VehicleDetailViewModelTests.swift */,
			);
			path = VehicleDetail;
			sourceTree = "<group>";
		};
		FD380CCF8916C657224CCF75 /* Frameworks */ = {
			isa = PBXGroup;
			children = (
				87E6E8EC3794B0E0B98056AC /* Pods_WebmotorsChallenge.framework */,
				A3EA42A6D0518CA26AC8ED75 /* Pods_WebmotorsChallenge_WebmotorsChallengeUITests.framework */,
				6430A753CA154270BEA83C7C /* Pods_WebmotorsChallengeTests.framework */,
			);
			name = Frameworks;
			sourceTree = "<group>";
		};
/* End PBXGroup section */

/* Begin PBXNativeTarget section */
		D2427CA727A46729001FD697 /* WebmotorsChallenge */ = {
			isa = PBXNativeTarget;
			buildConfigurationList = D2427CD227A4672B001FD697 /* Build configuration list for PBXNativeTarget "WebmotorsChallenge" */;
			buildPhases = (
				36C24398B4B2134CCFE03B6B /* [CP] Check Pods Manifest.lock */,
				D2427CA427A46729001FD697 /* Sources */,
				D2427CA527A46729001FD697 /* Frameworks */,
				D2427CA627A46729001FD697 /* Resources */,
				CB7C32217019ABD57A5EF062 /* [CP] Embed Pods Frameworks */,
			);
			buildRules = (
			);
			dependencies = (
			);
			name = WebmotorsChallenge;
			productName = WebmotorsChallenge;
			productReference = D2427CA827A46729001FD697 /* WebmotorsChallenge.app */;
			productType = "com.apple.product-type.application";
		};
		D2427CBD27A4672B001FD697 /* WebmotorsChallengeTests */ = {
			isa = PBXNativeTarget;
			buildConfigurationList = D2427CD527A4672B001FD697 /* Build configuration list for PBXNativeTarget "WebmotorsChallengeTests" */;
			buildPhases = (
				A4CF721F6838B90162BA5883 /* [CP] Check Pods Manifest.lock */,
				D2427CBA27A4672B001FD697 /* Sources */,
				D2427CBB27A4672B001FD697 /* Frameworks */,
				D2427CBC27A4672B001FD697 /* Resources */,
			);
			buildRules = (
			);
			dependencies = (
				D2427CC027A4672B001FD697 /* PBXTargetDependency */,
			);
			name = WebmotorsChallengeTests;
			productName = WebmotorsChallengeTests;
			productReference = D2427CBE27A4672B001FD697 /* WebmotorsChallengeTests.xctest */;
			productType = "com.apple.product-type.bundle.unit-test";
		};
		D2427CC727A4672B001FD697 /* WebmotorsChallengeUITests */ = {
			isa = PBXNativeTarget;
			buildConfigurationList = D2427CD827A4672B001FD697 /* Build configuration list for PBXNativeTarget "WebmotorsChallengeUITests" */;
			buildPhases = (
				2C5DA3891B6C78D98DBA7ACD /* [CP] Check Pods Manifest.lock */,
				D2427CC427A4672B001FD697 /* Sources */,
				D2427CC527A4672B001FD697 /* Frameworks */,
				D2427CC627A4672B001FD697 /* Resources */,
				97658EB8922EE9EA11E5393E /* [CP] Embed Pods Frameworks */,
			);
			buildRules = (
			);
			dependencies = (
				D2427CCA27A4672B001FD697 /* PBXTargetDependency */,
			);
			name = WebmotorsChallengeUITests;
			productName = WebmotorsChallengeUITests;
			productReference = D2427CC827A4672B001FD697 /* WebmotorsChallengeUITests.xctest */;
			productType = "com.apple.product-type.bundle.ui-testing";
		};
/* End PBXNativeTarget section */

/* Begin PBXProject section */
		D2427CA027A46729001FD697 /* Project object */ = {
			isa = PBXProject;
			attributes = {
				BuildIndependentTargetsInParallel = 1;
				LastSwiftUpdateCheck = 1320;
				LastUpgradeCheck = 1320;
				TargetAttributes = {
					D2427CA727A46729001FD697 = {
						CreatedOnToolsVersion = 13.2.1;
					};
					D2427CBD27A4672B001FD697 = {
						CreatedOnToolsVersion = 13.2.1;
						TestTargetID = D2427CA727A46729001FD697;
					};
					D2427CC727A4672B001FD697 = {
						CreatedOnToolsVersion = 13.2.1;
						TestTargetID = D2427CA727A46729001FD697;
					};
				};
			};
			buildConfigurationList = D2427CA327A46729001FD697 /* Build configuration list for PBXProject "WebmotorsChallenge" */;
			compatibilityVersion = "Xcode 13.0";
			developmentRegion = en;
			hasScannedForEncodings = 0;
			knownRegions = (
				en,
				Base,
			);
			mainGroup = D2427C9F27A46729001FD697;
			productRefGroup = D2427CA927A46729001FD697 /* Products */;
			projectDirPath = "";
			projectRoot = "";
			targets = (
				D2427CA727A46729001FD697 /* WebmotorsChallenge */,
				D2427CBD27A4672B001FD697 /* WebmotorsChallengeTests */,
				D2427CC727A4672B001FD697 /* WebmotorsChallengeUITests */,
			);
		};
/* End PBXProject section */

/* Begin PBXResourcesBuildPhase section */
		D2427CA627A46729001FD697 /* Resources */ = {
			isa = PBXResourcesBuildPhase;
			buildActionMask = 2147483647;
			files = (
				D2808C5927A593AE0042BAB5 /* Rajdhani-SemiBold.ttf in Resources */,
				D2808C5727A593AE0042BAB5 /* Rajdhani-Light.ttf in Resources */,
				D2427CB827A4672B001FD697 /* LaunchScreen.storyboard in Resources */,
				D2808C3B27A585120042BAB5 /* Assets.xcassets in Resources */,
				D2808C5B27A593AE0042BAB5 /* Rajdhani-Bold.ttf in Resources */,
				D2808C5A27A593AE0042BAB5 /* Rajdhani-Medium.ttf in Resources */,
				D2427D1E27A4773E001FD697 /* vehicles_success_response.json in Resources */,
				D2808C5827A593AE0042BAB5 /* Rajdhani-Regular.ttf in Resources */,
			);
			runOnlyForDeploymentPostprocessing = 0;
		};
		D2427CBC27A4672B001FD697 /* Resources */ = {
			isa = PBXResourcesBuildPhase;
			buildActionMask = 2147483647;
			files = (
			);
			runOnlyForDeploymentPostprocessing = 0;
		};
		D2427CC627A4672B001FD697 /* Resources */ = {
			isa = PBXResourcesBuildPhase;
			buildActionMask = 2147483647;
			files = (
			);
			runOnlyForDeploymentPostprocessing = 0;
		};
/* End PBXResourcesBuildPhase section */

/* Begin PBXShellScriptBuildPhase section */
		2C5DA3891B6C78D98DBA7ACD /* [CP] Check Pods Manifest.lock */ = {
			isa = PBXShellScriptBuildPhase;
			buildActionMask = 2147483647;
			files = (
			);
			inputFileListPaths = (
			);
			inputPaths = (
				"${PODS_PODFILE_DIR_PATH}/Podfile.lock",
				"${PODS_ROOT}/Manifest.lock",
			);
			name = "[CP] Check Pods Manifest.lock";
			outputFileListPaths = (
			);
			outputPaths = (
				"$(DERIVED_FILE_DIR)/Pods-WebmotorsChallenge-WebmotorsChallengeUITests-checkManifestLockResult.txt",
			);
			runOnlyForDeploymentPostprocessing = 0;
			shellPath = /bin/sh;
			shellScript = "diff \"${PODS_PODFILE_DIR_PATH}/Podfile.lock\" \"${PODS_ROOT}/Manifest.lock\" > /dev/null\nif [ $? != 0 ] ; then\n    # print error to STDERR\n    echo \"error: The sandbox is not in sync with the Podfile.lock. Run 'pod install' or update your CocoaPods installation.\" >&2\n    exit 1\nfi\n# This output is used by Xcode 'outputs' to avoid re-running this script phase.\necho \"SUCCESS\" > \"${SCRIPT_OUTPUT_FILE_0}\"\n";
			showEnvVarsInLog = 0;
		};
		36C24398B4B2134CCFE03B6B /* [CP] Check Pods Manifest.lock */ = {
			isa = PBXShellScriptBuildPhase;
			buildActionMask = 2147483647;
			files = (
			);
			inputFileListPaths = (
			);
			inputPaths = (
				"${PODS_PODFILE_DIR_PATH}/Podfile.lock",
				"${PODS_ROOT}/Manifest.lock",
			);
			name = "[CP] Check Pods Manifest.lock";
			outputFileListPaths = (
			);
			outputPaths = (
				"$(DERIVED_FILE_DIR)/Pods-WebmotorsChallenge-checkManifestLockResult.txt",
			);
			runOnlyForDeploymentPostprocessing = 0;
			shellPath = /bin/sh;
			shellScript = "diff \"${PODS_PODFILE_DIR_PATH}/Podfile.lock\" \"${PODS_ROOT}/Manifest.lock\" > /dev/null\nif [ $? != 0 ] ; then\n    # print error to STDERR\n    echo \"error: The sandbox is not in sync with the Podfile.lock. Run 'pod install' or update your CocoaPods installation.\" >&2\n    exit 1\nfi\n# This output is used by Xcode 'outputs' to avoid re-running this script phase.\necho \"SUCCESS\" > \"${SCRIPT_OUTPUT_FILE_0}\"\n";
			showEnvVarsInLog = 0;
		};
		97658EB8922EE9EA11E5393E /* [CP] Embed Pods Frameworks */ = {
			isa = PBXShellScriptBuildPhase;
			buildActionMask = 2147483647;
			files = (
			);
			inputFileListPaths = (
				"${PODS_ROOT}/Target Support Files/Pods-WebmotorsChallenge-WebmotorsChallengeUITests/Pods-WebmotorsChallenge-WebmotorsChallengeUITests-frameworks-${CONFIGURATION}-input-files.xcfilelist",
			);
			name = "[CP] Embed Pods Frameworks";
			outputFileListPaths = (
				"${PODS_ROOT}/Target Support Files/Pods-WebmotorsChallenge-WebmotorsChallengeUITests/Pods-WebmotorsChallenge-WebmotorsChallengeUITests-frameworks-${CONFIGURATION}-output-files.xcfilelist",
			);
			runOnlyForDeploymentPostprocessing = 0;
			shellPath = /bin/sh;
			shellScript = "\"${PODS_ROOT}/Target Support Files/Pods-WebmotorsChallenge-WebmotorsChallengeUITests/Pods-WebmotorsChallenge-WebmotorsChallengeUITests-frameworks.sh\"\n";
			showEnvVarsInLog = 0;
		};
		A4CF721F6838B90162BA5883 /* [CP] Check Pods Manifest.lock */ = {
			isa = PBXShellScriptBuildPhase;
			buildActionMask = 2147483647;
			files = (
			);
			inputFileListPaths = (
			);
			inputPaths = (
				"${PODS_PODFILE_DIR_PATH}/Podfile.lock",
				"${PODS_ROOT}/Manifest.lock",
			);
			name = "[CP] Check Pods Manifest.lock";
			outputFileListPaths = (
			);
			outputPaths = (
				"$(DERIVED_FILE_DIR)/Pods-WebmotorsChallengeTests-checkManifestLockResult.txt",
			);
			runOnlyForDeploymentPostprocessing = 0;
			shellPath = /bin/sh;
			shellScript = "diff \"${PODS_PODFILE_DIR_PATH}/Podfile.lock\" \"${PODS_ROOT}/Manifest.lock\" > /dev/null\nif [ $? != 0 ] ; then\n    # print error to STDERR\n    echo \"error: The sandbox is not in sync with the Podfile.lock. Run 'pod install' or update your CocoaPods installation.\" >&2\n    exit 1\nfi\n# This output is used by Xcode 'outputs' to avoid re-running this script phase.\necho \"SUCCESS\" > \"${SCRIPT_OUTPUT_FILE_0}\"\n";
			showEnvVarsInLog = 0;
		};
		CB7C32217019ABD57A5EF062 /* [CP] Embed Pods Frameworks */ = {
			isa = PBXShellScriptBuildPhase;
			buildActionMask = 2147483647;
			files = (
			);
			inputFileListPaths = (
				"${PODS_ROOT}/Target Support Files/Pods-WebmotorsChallenge/Pods-WebmotorsChallenge-frameworks-${CONFIGURATION}-input-files.xcfilelist",
			);
			name = "[CP] Embed Pods Frameworks";
			outputFileListPaths = (
				"${PODS_ROOT}/Target Support Files/Pods-WebmotorsChallenge/Pods-WebmotorsChallenge-frameworks-${CONFIGURATION}-output-files.xcfilelist",
			);
			runOnlyForDeploymentPostprocessing = 0;
			shellPath = /bin/sh;
			shellScript = "\"${PODS_ROOT}/Target Support Files/Pods-WebmotorsChallenge/Pods-WebmotorsChallenge-frameworks.sh\"\n";
			showEnvVarsInLog = 0;
		};
/* End PBXShellScriptBuildPhase section */

/* Begin PBXSourcesBuildPhase section */
		D2427CA427A46729001FD697 /* Sources */ = {
			isa = PBXSourcesBuildPhase;
			buildActionMask = 2147483647;
			files = (
				D2427D3627A49483001FD697 /* VehiclesCell.swift in Sources */,
				D28B576727A4C03E0031669F /* VehicleDetailCells.swift in Sources */,
				D2C6222427A71281002C66DC /* UIApplicationExtensions.swift in Sources */,
				D2427D2127A477CB001FD697 /* Vehicle.swift in Sources */,
				D2427D3F27A49FD0001FD697 /* VehicleDetailViewModel.swift in Sources */,
				D2427D0B27A46CC4001FD697 /* ResponseApiError.swift in Sources */,
				D2427CF927A46C61001FD697 /* UIColorExtensions.swift in Sources */,
				D2427CFA27A46C61001FD697 /* NSObjectExtensions.swift in Sources */,
				D2427D2727A48252001FD697 /* BaseTableViewCell.swift in Sources */,
				D2427CEE27A46BF9001FD697 /* CenterLoadingView.swift in Sources */,
				D2427D1727A476D0001FD697 /* VehicleAPI.swift in Sources */,
				D2427D1827A476D0001FD697 /* VehicleService.swift in Sources */,
				D2427CFC27A46C61001FD697 /* SingleExtensions.swift in Sources */,
				D2808C5D27A594430042BAB5 /* UILabel+Extensions.swift in Sources */,
				D2427CAC27A46729001FD697 /* AppDelegate.swift in Sources */,
				D2808C4727A590740042BAB5 /* UIFont+Extensions.swift in Sources */,
				D2427D0927A46CC4001FD697 /* ServiceError.swift in Sources */,
				D2427D3A27A49E91001FD697 /* DefaultNavigationController.swift in Sources */,
				D2427D0827A46CC4001FD697 /* Reachability.swift in Sources */,
				D2427D0F27A46CF3001FD697 /* Enviroment.swift in Sources */,
				D2427CEB27A46B3A001FD697 /* VehiclesViewModel.swift in Sources */,
				D2427D3827A49763001FD697 /* TableLoadingFooterView.swift in Sources */,
				D2427D0227A46CA9001FD697 /* Constants.swift in Sources */,
				D2427D0A27A46CC4001FD697 /* HandleError.swift in Sources */,
				D2427CFF27A46C61001FD697 /* UIViewControllerExtensions.swift in Sources */,
				D2427D2F27A48620001FD697 /* UITableView+Extension.swift in Sources */,
				D2427CE627A46AA9001FD697 /* BaseViewModel.swift in Sources */,
				D2427CFE27A46C61001FD697 /* UIViewExtensions.swift in Sources */,
				D2427CFB27A46C61001FD697 /* StringExtensions.swift in Sources */,
				D2427D2D27A484D4001FD697 /* UIImageView+Extensions.swift in Sources */,
				D2427D3D27A49FA8001FD697 /* VehicleDetailViewController.swift in Sources */,
				D2427CE927A46AF8001FD697 /* AppCoordinator.swift in Sources */,
				D2427D1227A4769D001FD697 /* APIProvider.swift in Sources */,
				D2427D3327A48D28001FD697 /* FormattableNumberic.swift in Sources */,
				D2427CE127A46A5E001FD697 /* VehiclesViewController.swift in Sources */,
				D2427CE427A46A9A001FD697 /* BaseViewController.swift in Sources */,
				D28B576527A4BD750031669F /* VehicleDetailCellType.swift in Sources */,
			);
			runOnlyForDeploymentPostprocessing = 0;
		};
		D2427CBA27A4672B001FD697 /* Sources */ = {
			isa = PBXSourcesBuildPhase;
			buildActionMask = 2147483647;
			files = (
				D28B576A27A57E500031669F /* VehicleTests.swift in Sources */,
				D2C6222B27A807E4002C66DC /* VehicleDetailViewControllerTests.swift in Sources */,
				D2C6220E27A70240002C66DC /* ConstantsTests.swift in Sources */,
				D2C6221727A7079D002C66DC /* FormattableNumericTests.swift in Sources */,
				D2C6221E27A70E54002C66DC /* VehiclesViewModelTests.swift in Sources */,
				D2C6222927A80241002C66DC /* VehicleDetailViewModelTests.swift in Sources */,
				D2C6222027A71101002C66DC /* VehiclesViewControllerTests.swift in Sources */,
				D2C6221527A7067B002C66DC /* StringExtensionsTests.swift in Sources */,
				D2C6221127A70320002C66DC /* NSObjectExtensionsTests.swift in Sources */,
				D2C6222627A71447002C66DC /* TestsExtensions.swift in Sources */,
				D2C6222227A71179002C66DC /* FakeVehiclesService.swift in Sources */,
			);
			runOnlyForDeploymentPostprocessing = 0;
		};
		D2427CC427A4672B001FD697 /* Sources */ = {
			isa = PBXSourcesBuildPhase;
			buildActionMask = 2147483647;
			files = (
				D2427CCD27A4672B001FD697 /* WebmotorsChallengeUITests.swift in Sources */,
				D2427CCF27A4672B001FD697 /* WebmotorsChallengeUITestsLaunchTests.swift in Sources */,
			);
			runOnlyForDeploymentPostprocessing = 0;
		};
/* End PBXSourcesBuildPhase section */

/* Begin PBXTargetDependency section */
		D2427CC027A4672B001FD697 /* PBXTargetDependency */ = {
			isa = PBXTargetDependency;
			target = D2427CA727A46729001FD697 /* WebmotorsChallenge */;
			targetProxy = D2427CBF27A4672B001FD697 /* PBXContainerItemProxy */;
		};
		D2427CCA27A4672B001FD697 /* PBXTargetDependency */ = {
			isa = PBXTargetDependency;
			target = D2427CA727A46729001FD697 /* WebmotorsChallenge */;
			targetProxy = D2427CC927A4672B001FD697 /* PBXContainerItemProxy */;
		};
/* End PBXTargetDependency section */

/* Begin PBXVariantGroup section */
		D2427CB627A4672B001FD697 /* LaunchScreen.storyboard */ = {
			isa = PBXVariantGroup;
			children = (
				D2427CB727A4672B001FD697 /* Base */,
			);
			name = LaunchScreen.storyboard;
			sourceTree = "<group>";
		};
/* End PBXVariantGroup section */

/* Begin XCBuildConfiguration section */
		D2427CD027A4672B001FD697 /* Debug */ = {
			isa = XCBuildConfiguration;
			buildSettings = {
				ALWAYS_SEARCH_USER_PATHS = NO;
				CLANG_ANALYZER_NONNULL = YES;
				CLANG_ANALYZER_NUMBER_OBJECT_CONVERSION = YES_AGGRESSIVE;
				CLANG_CXX_LANGUAGE_STANDARD = "gnu++17";
				CLANG_CXX_LIBRARY = "libc++";
				CLANG_ENABLE_MODULES = YES;
				CLANG_ENABLE_OBJC_ARC = YES;
				CLANG_ENABLE_OBJC_WEAK = YES;
				CLANG_WARN_BLOCK_CAPTURE_AUTORELEASING = YES;
				CLANG_WARN_BOOL_CONVERSION = YES;
				CLANG_WARN_COMMA = YES;
				CLANG_WARN_CONSTANT_CONVERSION = YES;
				CLANG_WARN_DEPRECATED_OBJC_IMPLEMENTATIONS = YES;
				CLANG_WARN_DIRECT_OBJC_ISA_USAGE = YES_ERROR;
				CLANG_WARN_DOCUMENTATION_COMMENTS = YES;
				CLANG_WARN_EMPTY_BODY = YES;
				CLANG_WARN_ENUM_CONVERSION = YES;
				CLANG_WARN_INFINITE_RECURSION = YES;
				CLANG_WARN_INT_CONVERSION = YES;
				CLANG_WARN_NON_LITERAL_NULL_CONVERSION = YES;
				CLANG_WARN_OBJC_IMPLICIT_RETAIN_SELF = YES;
				CLANG_WARN_OBJC_LITERAL_CONVERSION = YES;
				CLANG_WARN_OBJC_ROOT_CLASS = YES_ERROR;
				CLANG_WARN_QUOTED_INCLUDE_IN_FRAMEWORK_HEADER = YES;
				CLANG_WARN_RANGE_LOOP_ANALYSIS = YES;
				CLANG_WARN_STRICT_PROTOTYPES = YES;
				CLANG_WARN_SUSPICIOUS_MOVE = YES;
				CLANG_WARN_UNGUARDED_AVAILABILITY = YES_AGGRESSIVE;
				CLANG_WARN_UNREACHABLE_CODE = YES;
				CLANG_WARN__DUPLICATE_METHOD_MATCH = YES;
				COPY_PHASE_STRIP = NO;
				DEBUG_INFORMATION_FORMAT = dwarf;
				ENABLE_STRICT_OBJC_MSGSEND = YES;
				ENABLE_TESTABILITY = YES;
				GCC_C_LANGUAGE_STANDARD = gnu11;
				GCC_DYNAMIC_NO_PIC = NO;
				GCC_NO_COMMON_BLOCKS = YES;
				GCC_OPTIMIZATION_LEVEL = 0;
				GCC_PREPROCESSOR_DEFINITIONS = (
					"DEBUG=1",
					"$(inherited)",
				);
				GCC_WARN_64_TO_32_BIT_CONVERSION = YES;
				GCC_WARN_ABOUT_RETURN_TYPE = YES_ERROR;
				GCC_WARN_UNDECLARED_SELECTOR = YES;
				GCC_WARN_UNINITIALIZED_AUTOS = YES_AGGRESSIVE;
				GCC_WARN_UNUSED_FUNCTION = YES;
				GCC_WARN_UNUSED_VARIABLE = YES;
				IPHONEOS_DEPLOYMENT_TARGET = 11.0;
				MTL_ENABLE_DEBUG_INFO = INCLUDE_SOURCE;
				MTL_FAST_MATH = YES;
				ONLY_ACTIVE_ARCH = YES;
				SDKROOT = iphoneos;
				SWIFT_ACTIVE_COMPILATION_CONDITIONS = DEBUG;
				SWIFT_OPTIMIZATION_LEVEL = "-Onone";
			};
			name = Debug;
		};
		D2427CD127A4672B001FD697 /* Release */ = {
			isa = XCBuildConfiguration;
			buildSettings = {
				ALWAYS_SEARCH_USER_PATHS = NO;
				CLANG_ANALYZER_NONNULL = YES;
				CLANG_ANALYZER_NUMBER_OBJECT_CONVERSION = YES_AGGRESSIVE;
				CLANG_CXX_LANGUAGE_STANDARD = "gnu++17";
				CLANG_CXX_LIBRARY = "libc++";
				CLANG_ENABLE_MODULES = YES;
				CLANG_ENABLE_OBJC_ARC = YES;
				CLANG_ENABLE_OBJC_WEAK = YES;
				CLANG_WARN_BLOCK_CAPTURE_AUTORELEASING = YES;
				CLANG_WARN_BOOL_CONVERSION = YES;
				CLANG_WARN_COMMA = YES;
				CLANG_WARN_CONSTANT_CONVERSION = YES;
				CLANG_WARN_DEPRECATED_OBJC_IMPLEMENTATIONS = YES;
				CLANG_WARN_DIRECT_OBJC_ISA_USAGE = YES_ERROR;
				CLANG_WARN_DOCUMENTATION_COMMENTS = YES;
				CLANG_WARN_EMPTY_BODY = YES;
				CLANG_WARN_ENUM_CONVERSION = YES;
				CLANG_WARN_INFINITE_RECURSION = YES;
				CLANG_WARN_INT_CONVERSION = YES;
				CLANG_WARN_NON_LITERAL_NULL_CONVERSION = YES;
				CLANG_WARN_OBJC_IMPLICIT_RETAIN_SELF = YES;
				CLANG_WARN_OBJC_LITERAL_CONVERSION = YES;
				CLANG_WARN_OBJC_ROOT_CLASS = YES_ERROR;
				CLANG_WARN_QUOTED_INCLUDE_IN_FRAMEWORK_HEADER = YES;
				CLANG_WARN_RANGE_LOOP_ANALYSIS = YES;
				CLANG_WARN_STRICT_PROTOTYPES = YES;
				CLANG_WARN_SUSPICIOUS_MOVE = YES;
				CLANG_WARN_UNGUARDED_AVAILABILITY = YES_AGGRESSIVE;
				CLANG_WARN_UNREACHABLE_CODE = YES;
				CLANG_WARN__DUPLICATE_METHOD_MATCH = YES;
				COPY_PHASE_STRIP = NO;
				DEBUG_INFORMATION_FORMAT = "dwarf-with-dsym";
				ENABLE_NS_ASSERTIONS = NO;
				ENABLE_STRICT_OBJC_MSGSEND = YES;
				GCC_C_LANGUAGE_STANDARD = gnu11;
				GCC_NO_COMMON_BLOCKS = YES;
				GCC_WARN_64_TO_32_BIT_CONVERSION = YES;
				GCC_WARN_ABOUT_RETURN_TYPE = YES_ERROR;
				GCC_WARN_UNDECLARED_SELECTOR = YES;
				GCC_WARN_UNINITIALIZED_AUTOS = YES_AGGRESSIVE;
				GCC_WARN_UNUSED_FUNCTION = YES;
				GCC_WARN_UNUSED_VARIABLE = YES;
				IPHONEOS_DEPLOYMENT_TARGET = 11.0;
				MTL_ENABLE_DEBUG_INFO = NO;
				MTL_FAST_MATH = YES;
				SDKROOT = iphoneos;
				SWIFT_COMPILATION_MODE = wholemodule;
				SWIFT_OPTIMIZATION_LEVEL = "-O";
				VALIDATE_PRODUCT = YES;
			};
			name = Release;
		};
		D2427CD327A4672B001FD697 /* Debug */ = {
			isa = XCBuildConfiguration;
			baseConfigurationReference = 32CF2CBE88B8E648607096DC /* Pods-WebmotorsChallenge.debug.xcconfig */;
			buildSettings = {
				ASSETCATALOG_COMPILER_APPICON_NAME = AppIcon;
				ASSETCATALOG_COMPILER_GLOBAL_ACCENT_COLOR_NAME = AccentColor;
				ASSETCATALOG_COMPILER_INCLUDE_ALL_APPICON_ASSETS = NO;
				BASE_URL = "https://desafioonline.webmotors.com.br";
				CODE_SIGN_STYLE = Automatic;
				CURRENT_PROJECT_VERSION = 1;
				DEVELOPMENT_TEAM = DX5JM8SFG9;
				GENERATE_INFOPLIST_FILE = YES;
				INFOPLIST_FILE = WebmotorsChallenge/Info.plist;
				INFOPLIST_KEY_UIApplicationSupportsIndirectInputEvents = YES;
				INFOPLIST_KEY_UILaunchStoryboardName = LaunchScreen;
				INFOPLIST_KEY_UISupportedInterfaceOrientations_iPad = "UIInterfaceOrientationPortrait UIInterfaceOrientationPortraitUpsideDown UIInterfaceOrientationLandscapeLeft UIInterfaceOrientationLandscapeRight";
				INFOPLIST_KEY_UISupportedInterfaceOrientations_iPhone = "UIInterfaceOrientationPortrait UIInterfaceOrientationLandscapeLeft UIInterfaceOrientationLandscapeRight";
				IPHONEOS_DEPLOYMENT_TARGET = 11.0;
				LD_RUNPATH_SEARCH_PATHS = (
					"$(inherited)",
					"@executable_path/Frameworks",
				);
				MARKETING_VERSION = 1.0;
				PRODUCT_BUNDLE_IDENTIFIER = web.motors.WebmotorsChallenge;
				PRODUCT_NAME = "$(TARGET_NAME)";
				SWIFT_EMIT_LOC_STRINGS = YES;
				SWIFT_VERSION = 5.0;
				TARGETED_DEVICE_FAMILY = "1,2";
			};
			name = Debug;
		};
		D2427CD427A4672B001FD697 /* Release */ = {
			isa = XCBuildConfiguration;
			baseConfigurationReference = 4FDF75A77626FCB2201DC114 /* Pods-WebmotorsChallenge.release.xcconfig */;
			buildSettings = {
				ASSETCATALOG_COMPILER_APPICON_NAME = AppIcon;
				ASSETCATALOG_COMPILER_GLOBAL_ACCENT_COLOR_NAME = AccentColor;
				ASSETCATALOG_COMPILER_INCLUDE_ALL_APPICON_ASSETS = NO;
				BASE_URL = "https://desafioonline.webmotors.com.br";
				CODE_SIGN_STYLE = Automatic;
				CURRENT_PROJECT_VERSION = 1;
				DEVELOPMENT_TEAM = DX5JM8SFG9;
				GENERATE_INFOPLIST_FILE = YES;
				INFOPLIST_FILE = WebmotorsChallenge/Info.plist;
				INFOPLIST_KEY_UIApplicationSupportsIndirectInputEvents = YES;
				INFOPLIST_KEY_UILaunchStoryboardName = LaunchScreen;
				INFOPLIST_KEY_UISupportedInterfaceOrientations_iPad = "UIInterfaceOrientationPortrait UIInterfaceOrientationPortraitUpsideDown UIInterfaceOrientationLandscapeLeft UIInterfaceOrientationLandscapeRight";
				INFOPLIST_KEY_UISupportedInterfaceOrientations_iPhone = "UIInterfaceOrientationPortrait UIInterfaceOrientationLandscapeLeft UIInterfaceOrientationLandscapeRight";
				IPHONEOS_DEPLOYMENT_TARGET = 11.0;
				LD_RUNPATH_SEARCH_PATHS = (
					"$(inherited)",
					"@executable_path/Frameworks",
				);
				MARKETING_VERSION = 1.0;
				PRODUCT_BUNDLE_IDENTIFIER = web.motors.WebmotorsChallenge;
				PRODUCT_NAME = "$(TARGET_NAME)";
				SWIFT_EMIT_LOC_STRINGS = YES;
				SWIFT_VERSION = 5.0;
				TARGETED_DEVICE_FAMILY = "1,2";
			};
			name = Release;
		};
		D2427CD627A4672B001FD697 /* Debug */ = {
			isa = XCBuildConfiguration;
			baseConfigurationReference = 82A550BFB7213BF677A262F1 /* Pods-WebmotorsChallengeTests.debug.xcconfig */;
			buildSettings = {
				ALWAYS_EMBED_SWIFT_STANDARD_LIBRARIES = YES;
				BUNDLE_LOADER = "$(TEST_HOST)";
				CODE_SIGN_STYLE = Automatic;
				CURRENT_PROJECT_VERSION = 1;
				DEVELOPMENT_TEAM = DX5JM8SFG9;
				GENERATE_INFOPLIST_FILE = YES;
				IPHONEOS_DEPLOYMENT_TARGET = 15.2;
				MARKETING_VERSION = 1.0;
				PRODUCT_BUNDLE_IDENTIFIER = web.motors.WebmotorsChallengeTests;
				PRODUCT_NAME = "$(TARGET_NAME)";
				SWIFT_EMIT_LOC_STRINGS = NO;
				SWIFT_VERSION = 5.0;
				TARGETED_DEVICE_FAMILY = "1,2";
				TEST_HOST = "$(BUILT_PRODUCTS_DIR)/WebmotorsChallenge.app/WebmotorsChallenge";
			};
			name = Debug;
		};
		D2427CD727A4672B001FD697 /* Release */ = {
			isa = XCBuildConfiguration;
			baseConfigurationReference = D5EFBE3FB7A046E4CD18029B /* Pods-WebmotorsChallengeTests.release.xcconfig */;
			buildSettings = {
				ALWAYS_EMBED_SWIFT_STANDARD_LIBRARIES = YES;
				BUNDLE_LOADER = "$(TEST_HOST)";
				CODE_SIGN_STYLE = Automatic;
				CURRENT_PROJECT_VERSION = 1;
				DEVELOPMENT_TEAM = DX5JM8SFG9;
				GENERATE_INFOPLIST_FILE = YES;
				IPHONEOS_DEPLOYMENT_TARGET = 15.2;
				MARKETING_VERSION = 1.0;
				PRODUCT_BUNDLE_IDENTIFIER = web.motors.WebmotorsChallengeTests;
				PRODUCT_NAME = "$(TARGET_NAME)";
				SWIFT_EMIT_LOC_STRINGS = NO;
				SWIFT_VERSION = 5.0;
				TARGETED_DEVICE_FAMILY = "1,2";
				TEST_HOST = "$(BUILT_PRODUCTS_DIR)/WebmotorsChallenge.app/WebmotorsChallenge";
			};
			name = Release;
		};
		D2427CD927A4672B001FD697 /* Debug */ = {
			isa = XCBuildConfiguration;
			baseConfigurationReference = DF4901F7478F6FD78B2D16EC /* Pods-WebmotorsChallenge-WebmotorsChallengeUITests.debug.xcconfig */;
			buildSettings = {
				ALWAYS_EMBED_SWIFT_STANDARD_LIBRARIES = YES;
				CODE_SIGN_STYLE = Automatic;
				CURRENT_PROJECT_VERSION = 1;
				DEVELOPMENT_TEAM = DX5JM8SFG9;
				GENERATE_INFOPLIST_FILE = YES;
				MARKETING_VERSION = 1.0;
				PRODUCT_BUNDLE_IDENTIFIER = web.motors.WebmotorsChallengeUITests;
				PRODUCT_NAME = "$(TARGET_NAME)";
				SWIFT_EMIT_LOC_STRINGS = NO;
				SWIFT_VERSION = 5.0;
				TARGETED_DEVICE_FAMILY = "1,2";
				TEST_TARGET_NAME = WebmotorsChallenge;
			};
			name = Debug;
		};
		D2427CDA27A4672B001FD697 /* Release */ = {
			isa = XCBuildConfiguration;
			baseConfigurationReference = 4B8068339CC7B3C8F0075822 /* Pods-WebmotorsChallenge-WebmotorsChallengeUITests.release.xcconfig */;
			buildSettings = {
				ALWAYS_EMBED_SWIFT_STANDARD_LIBRARIES = YES;
				CODE_SIGN_STYLE = Automatic;
				CURRENT_PROJECT_VERSION = 1;
				DEVELOPMENT_TEAM = DX5JM8SFG9;
				GENERATE_INFOPLIST_FILE = YES;
				MARKETING_VERSION = 1.0;
				PRODUCT_BUNDLE_IDENTIFIER = web.motors.WebmotorsChallengeUITests;
				PRODUCT_NAME = "$(TARGET_NAME)";
				SWIFT_EMIT_LOC_STRINGS = NO;
				SWIFT_VERSION = 5.0;
				TARGETED_DEVICE_FAMILY = "1,2";
				TEST_TARGET_NAME = WebmotorsChallenge;
			};
			name = Release;
		};
/* End XCBuildConfiguration section */

/* Begin XCConfigurationList section */
		D2427CA327A46729001FD697 /* Build configuration list for PBXProject "WebmotorsChallenge" */ = {
			isa = XCConfigurationList;
			buildConfigurations = (
				D2427CD027A4672B001FD697 /* Debug */,
				D2427CD127A4672B001FD697 /* Release */,
			);
			defaultConfigurationIsVisible = 0;
			defaultConfigurationName = Release;
		};
		D2427CD227A4672B001FD697 /* Build configuration list for PBXNativeTarget "WebmotorsChallenge" */ = {
			isa = XCConfigurationList;
			buildConfigurations = (
				D2427CD327A4672B001FD697 /* Debug */,
				D2427CD427A4672B001FD697 /* Release */,
			);
			defaultConfigurationIsVisible = 0;
			defaultConfigurationName = Release;
		};
		D2427CD527A4672B001FD697 /* Build configuration list for PBXNativeTarget "WebmotorsChallengeTests" */ = {
			isa = XCConfigurationList;
			buildConfigurations = (
				D2427CD627A4672B001FD697 /* Debug */,
				D2427CD727A4672B001FD697 /* Release */,
			);
			defaultConfigurationIsVisible = 0;
			defaultConfigurationName = Release;
		};
		D2427CD827A4672B001FD697 /* Build configuration list for PBXNativeTarget "WebmotorsChallengeUITests" */ = {
			isa = XCConfigurationList;
			buildConfigurations = (
				D2427CD927A4672B001FD697 /* Debug */,
				D2427CDA27A4672B001FD697 /* Release */,
			);
			defaultConfigurationIsVisible = 0;
			defaultConfigurationName = Release;
		};
/* End XCConfigurationList section */
	};
	rootObject = D2427CA027A46729001FD697 /* Project object */;
}
